// !$*UTF8*$!
{
	archiveVersion = 1;
	classes = {
	};
	objectVersion = 46;
	objects = {

/* Begin PBXBuildFile section */
		11A2F9741D87EEA500701E5F /* AppDelegate.swift in Sources */ = {isa = PBXBuildFile; fileRef = 11A2F9731D87EEA500701E5F /* AppDelegate.swift */; };
		11A2F9761D87EEA500701E5F /* TrackerViewController.swift in Sources */ = {isa = PBXBuildFile; fileRef = 11A2F9751D87EEA500701E5F /* TrackerViewController.swift */; };
		11A2F9791D87EEA500701E5F /* Tracker.storyboard in Resources */ = {isa = PBXBuildFile; fileRef = 11A2F9771D87EEA500701E5F /* Tracker.storyboard */; };
		11A2F97C1D87EEA500701E5F /* TrackGPSLocation.xcdatamodeld in Sources */ = {isa = PBXBuildFile; fileRef = 11A2F97A1D87EEA500701E5F /* TrackGPSLocation.xcdatamodeld */; };
		11A2F97E1D87EEA500701E5F /* Assets.xcassets in Resources */ = {isa = PBXBuildFile; fileRef = 11A2F97D1D87EEA500701E5F /* Assets.xcassets */; };
		11A2F9811D87EEA500701E5F /* LaunchScreen.storyboard in Resources */ = {isa = PBXBuildFile; fileRef = 11A2F97F1D87EEA500701E5F /* LaunchScreen.storyboard */; };
		11A2F98C1D87EEA600701E5F /* TrackGPSLocationTests.swift in Sources */ = {isa = PBXBuildFile; fileRef = 11A2F98B1D87EEA600701E5F /* TrackGPSLocationTests.swift */; };
		11A2F9971D87EEA600701E5F /* TrackGPSLocationUITests.swift in Sources */ = {isa = PBXBuildFile; fileRef = 11A2F9961D87EEA600701E5F /* TrackGPSLocationUITests.swift */; };
		11A2F9A51D880CA300701E5F /* SendDataToServer.swift in Sources */ = {isa = PBXBuildFile; fileRef = 11A2F9A41D880CA300701E5F /* SendDataToServer.swift */; };
		11A2F9A71D880F9B00701E5F /* CoreLocation.framework in Frameworks */ = {isa = PBXBuildFile; fileRef = 11A2F9A61D880F9B00701E5F /* CoreLocation.framework */; };
		11A2F9E61D884DB300701E5F /* Constants.swift in Sources */ = {isa = PBXBuildFile; fileRef = 11A2F9E51D884DB300701E5F /* Constants.swift */; };
/* End PBXBuildFile section */

/* Begin PBXContainerItemProxy section */
		11A2F9881D87EEA600701E5F /* PBXContainerItemProxy */ = {
			isa = PBXContainerItemProxy;
			containerPortal = 11A2F9681D87EEA500701E5F /* Project object */;
			proxyType = 1;
			remoteGlobalIDString = 11A2F96F1D87EEA500701E5F;
			remoteInfo = TrackGPSLocation;
		};
		11A2F9931D87EEA600701E5F /* PBXContainerItemProxy */ = {
			isa = PBXContainerItemProxy;
			containerPortal = 11A2F9681D87EEA500701E5F /* Project object */;
			proxyType = 1;
			remoteGlobalIDString = 11A2F96F1D87EEA500701E5F;
			remoteInfo = TrackGPSLocation;
		};
/* End PBXContainerItemProxy section */

/* Begin PBXFileReference section */
		11A2F9701D87EEA500701E5F /* TrackGPSLocation.app */ = {isa = PBXFileReference; explicitFileType = wrapper.application; includeInIndex = 0; path = TrackGPSLocation.app; sourceTree = BUILT_PRODUCTS_DIR; };
		11A2F9731D87EEA500701E5F /* AppDelegate.swift */ = {isa = PBXFileReference; lastKnownFileType = sourcecode.swift; path = AppDelegate.swift; sourceTree = "<group>"; };
		11A2F9751D87EEA500701E5F /* TrackerViewController.swift */ = {isa = PBXFileReference; lastKnownFileType = sourcecode.swift; path = TrackerViewController.swift; sourceTree = "<group>"; };
		11A2F9781D87EEA500701E5F /* Base */ = {isa = PBXFileReference; lastKnownFileType = file.storyboard; name = Base; path = Base.lproj/Tracker.storyboard; sourceTree = "<group>"; };
		11A2F97B1D87EEA500701E5F /* TrackGPSLocation.xcdatamodel */ = {isa = PBXFileReference; lastKnownFileType = wrapper.xcdatamodel; path = TrackGPSLocation.xcdatamodel; sourceTree = "<group>"; };
		11A2F97D1D87EEA500701E5F /* Assets.xcassets */ = {isa = PBXFileReference; lastKnownFileType = folder.assetcatalog; path = Assets.xcassets; sourceTree = "<group>"; };
		11A2F9801D87EEA500701E5F /* Base */ = {isa = PBXFileReference; lastKnownFileType = file.storyboard; name = Base; path = Base.lproj/LaunchScreen.storyboard; sourceTree = "<group>"; };
		11A2F9821D87EEA500701E5F /* Info.plist */ = {isa = PBXFileReference; lastKnownFileType = text.plist.xml; path = Info.plist; sourceTree = "<group>"; };
		11A2F9871D87EEA600701E5F /* TrackGPSLocationTests.xctest */ = {isa = PBXFileReference; explicitFileType = wrapper.cfbundle; includeInIndex = 0; path = TrackGPSLocationTests.xctest; sourceTree = BUILT_PRODUCTS_DIR; };
		11A2F98B1D87EEA600701E5F /* TrackGPSLocationTests.swift */ = {isa = PBXFileReference; lastKnownFileType = sourcecode.swift; path = TrackGPSLocationTests.swift; sourceTree = "<group>"; };
		11A2F98D1D87EEA600701E5F /* Info.plist */ = {isa = PBXFileReference; lastKnownFileType = text.plist.xml; path = Info.plist; sourceTree = "<group>"; };
		11A2F9921D87EEA600701E5F /* TrackGPSLocationUITests.xctest */ = {isa = PBXFileReference; explicitFileType = wrapper.cfbundle; includeInIndex = 0; path = TrackGPSLocationUITests.xctest; sourceTree = BUILT_PRODUCTS_DIR; };
		11A2F9961D87EEA600701E5F /* TrackGPSLocationUITests.swift */ = {isa = PBXFileReference; lastKnownFileType = sourcecode.swift; path = TrackGPSLocationUITests.swift; sourceTree = "<group>"; };
		11A2F9981D87EEA600701E5F /* Info.plist */ = {isa = PBXFileReference; lastKnownFileType = text.plist.xml; path = Info.plist; sourceTree = "<group>"; };
		11A2F9A41D880CA300701E5F /* SendDataToServer.swift */ = {isa = PBXFileReference; fileEncoding = 4; lastKnownFileType = sourcecode.swift; path = SendDataToServer.swift; sourceTree = "<group>"; };
		11A2F9A61D880F9B00701E5F /* CoreLocation.framework */ = {isa = PBXFileReference; lastKnownFileType = wrapper.framework; name = CoreLocation.framework; path = System/Library/Frameworks/CoreLocation.framework; sourceTree = SDKROOT; };
		11A2F9E51D884DB300701E5F /* Constants.swift */ = {isa = PBXFileReference; fileEncoding = 4; lastKnownFileType = sourcecode.swift; path = Constants.swift; sourceTree = "<group>"; };
/* End PBXFileReference section */

/* Begin PBXFrameworksBuildPhase section */
		11A2F96D1D87EEA500701E5F /* Frameworks */ = {
			isa = PBXFrameworksBuildPhase;
			buildActionMask = 2147483647;
			files = (
				11A2F9A71D880F9B00701E5F /* CoreLocation.framework in Frameworks */,
			);
			runOnlyForDeploymentPostprocessing = 0;
		};
		11A2F9841D87EEA600701E5F /* Frameworks */ = {
			isa = PBXFrameworksBuildPhase;
			buildActionMask = 2147483647;
			files = (
			);
			runOnlyForDeploymentPostprocessing = 0;
		};
		11A2F98F1D87EEA600701E5F /* Frameworks */ = {
			isa = PBXFrameworksBuildPhase;
			buildActionMask = 2147483647;
			files = (
			);
			runOnlyForDeploymentPostprocessing = 0;
		};
/* End PBXFrameworksBuildPhase section */

/* Begin PBXGroup section */
		11A2F9671D87EEA500701E5F = {
			isa = PBXGroup;
			children = (
				11A2F9A61D880F9B00701E5F /* CoreLocation.framework */,
				11A2F9721D87EEA500701E5F /* TrackGPSLocation */,
				11A2F98A1D87EEA600701E5F /* TrackGPSLocationTests */,
				11A2F9951D87EEA600701E5F /* TrackGPSLocationUITests */,
				11A2F9711D87EEA500701E5F /* Products */,
			);
			sourceTree = "<group>";
		};
		11A2F9711D87EEA500701E5F /* Products */ = {
			isa = PBXGroup;
			children = (
				11A2F9701D87EEA500701E5F /* TrackGPSLocation.app */,
				11A2F9871D87EEA600701E5F /* TrackGPSLocationTests.xctest */,
				11A2F9921D87EEA600701E5F /* TrackGPSLocationUITests.xctest */,
			);
			name = Products;
			sourceTree = "<group>";
		};
		11A2F9721D87EEA500701E5F /* TrackGPSLocation */ = {
			isa = PBXGroup;
			children = (
				11A2F9731D87EEA500701E5F /* AppDelegate.swift */,
				11A2F9751D87EEA500701E5F /* TrackerViewController.swift */,
				11A2F9A41D880CA300701E5F /* SendDataToServer.swift */,
				11A2F9E51D884DB300701E5F /* Constants.swift */,
				11A2F9771D87EEA500701E5F /* Tracker.storyboard */,
				11A2F97D1D87EEA500701E5F /* Assets.xcassets */,
				11A2F97F1D87EEA500701E5F /* LaunchScreen.storyboard */,
				11A2F9821D87EEA500701E5F /* Info.plist */,
				11A2F97A1D87EEA500701E5F /* TrackGPSLocation.xcdatamodeld */,
			);
			path = TrackGPSLocation;
			sourceTree = "<group>";
		};
		11A2F98A1D87EEA600701E5F /* TrackGPSLocationTests */ = {
			isa = PBXGroup;
			children = (
				11A2F98B1D87EEA600701E5F /* TrackGPSLocationTests.swift */,
				11A2F98D1D87EEA600701E5F /* Info.plist */,
			);
			path = TrackGPSLocationTests;
			sourceTree = "<group>";
		};
		11A2F9951D87EEA600701E5F /* TrackGPSLocationUITests */ = {
			isa = PBXGroup;
			children = (
				11A2F9961D87EEA600701E5F /* TrackGPSLocationUITests.swift */,
				11A2F9981D87EEA600701E5F /* Info.plist */,
			);
			path = TrackGPSLocationUITests;
			sourceTree = "<group>";
		};
/* End PBXGroup section */

/* Begin PBXNativeTarget section */
		11A2F96F1D87EEA500701E5F /* TrackGPSLocation */ = {
			isa = PBXNativeTarget;
			buildConfigurationList = 11A2F99B1D87EEA600701E5F /* Build configuration list for PBXNativeTarget "TrackGPSLocation" */;
			buildPhases = (
				11A2F96C1D87EEA500701E5F /* Sources */,
				11A2F96D1D87EEA500701E5F /* Frameworks */,
				11A2F96E1D87EEA500701E5F /* Resources */,
			);
			buildRules = (
			);
			dependencies = (
			);
			name = TrackGPSLocation;
			productName = TrackGPSLocation;
			productReference = 11A2F9701D87EEA500701E5F /* TrackGPSLocation.app */;
			productType = "com.apple.product-type.application";
		};
		11A2F9861D87EEA600701E5F /* TrackGPSLocationTests */ = {
			isa = PBXNativeTarget;
			buildConfigurationList = 11A2F99E1D87EEA600701E5F /* Build configuration list for PBXNativeTarget "TrackGPSLocationTests" */;
			buildPhases = (
				11A2F9831D87EEA600701E5F /* Sources */,
				11A2F9841D87EEA600701E5F /* Frameworks */,
				11A2F9851D87EEA600701E5F /* Resources */,
			);
			buildRules = (
			);
			dependencies = (
				11A2F9891D87EEA600701E5F /* PBXTargetDependency */,
			);
			name = TrackGPSLocationTests;
			productName = TrackGPSLocationTests;
			productReference = 11A2F9871D87EEA600701E5F /* TrackGPSLocationTests.xctest */;
			productType = "com.apple.product-type.bundle.unit-test";
		};
		11A2F9911D87EEA600701E5F /* TrackGPSLocationUITests */ = {
			isa = PBXNativeTarget;
			buildConfigurationList = 11A2F9A11D87EEA600701E5F /* Build configuration list for PBXNativeTarget "TrackGPSLocationUITests" */;
			buildPhases = (
				11A2F98E1D87EEA600701E5F /* Sources */,
				11A2F98F1D87EEA600701E5F /* Frameworks */,
				11A2F9901D87EEA600701E5F /* Resources */,
			);
			buildRules = (
			);
			dependencies = (
				11A2F9941D87EEA600701E5F /* PBXTargetDependency */,
			);
			name = TrackGPSLocationUITests;
			productName = TrackGPSLocationUITests;
			productReference = 11A2F9921D87EEA600701E5F /* TrackGPSLocationUITests.xctest */;
			productType = "com.apple.product-type.bundle.ui-testing";
		};
/* End PBXNativeTarget section */

/* Begin PBXProject section */
		11A2F9681D87EEA500701E5F /* Project object */ = {
			isa = PBXProject;
			attributes = {
				LastSwiftUpdateCheck = 0730;
				LastUpgradeCheck = 0730;
				ORGANIZATIONNAME = GrepRuby;
				TargetAttributes = {
					11A2F96F1D87EEA500701E5F = {
						CreatedOnToolsVersion = 7.3;
					};
					11A2F9861D87EEA600701E5F = {
						CreatedOnToolsVersion = 7.3;
						TestTargetID = 11A2F96F1D87EEA500701E5F;
					};
					11A2F9911D87EEA600701E5F = {
						CreatedOnToolsVersion = 7.3;
						TestTargetID = 11A2F96F1D87EEA500701E5F;
					};
				};
			};
			buildConfigurationList = 11A2F96B1D87EEA500701E5F /* Build configuration list for PBXProject "TrackGPSLocation" */;
			compatibilityVersion = "Xcode 3.2";
			developmentRegion = English;
			hasScannedForEncodings = 0;
			knownRegions = (
				en,
				Base,
			);
			mainGroup = 11A2F9671D87EEA500701E5F;
			productRefGroup = 11A2F9711D87EEA500701E5F /* Products */;
			projectDirPath = "";
			projectRoot = "";
			targets = (
				11A2F96F1D87EEA500701E5F /* TrackGPSLocation */,
				11A2F9861D87EEA600701E5F /* TrackGPSLocationTests */,
				11A2F9911D87EEA600701E5F /* TrackGPSLocationUITests */,
			);
		};
/* End PBXProject section */

/* Begin PBXResourcesBuildPhase section */
		11A2F96E1D87EEA500701E5F /* Resources */ = {
			isa = PBXResourcesBuildPhase;
			buildActionMask = 2147483647;
			files = (
				11A2F9811D87EEA500701E5F /* LaunchScreen.storyboard in Resources */,
				11A2F97E1D87EEA500701E5F /* Assets.xcassets in Resources */,
				11A2F9791D87EEA500701E5F /* Tracker.storyboard in Resources */,
			);
			runOnlyForDeploymentPostprocessing = 0;
		};
		11A2F9851D87EEA600701E5F /* Resources */ = {
			isa = PBXResourcesBuildPhase;
			buildActionMask = 2147483647;
			files = (
			);
			runOnlyForDeploymentPostprocessing = 0;
		};
		11A2F9901D87EEA600701E5F /* Resources */ = {
			isa = PBXResourcesBuildPhase;
			buildActionMask = 2147483647;
			files = (
			);
			runOnlyForDeploymentPostprocessing = 0;
		};
/* End PBXResourcesBuildPhase section */

/* Begin PBXSourcesBuildPhase section */
		11A2F96C1D87EEA500701E5F /* Sources */ = {
			isa = PBXSourcesBuildPhase;
			buildActionMask = 2147483647;
			files = (
				11A2F9E61D884DB300701E5F /* Constants.swift in Sources */,
				11A2F97C1D87EEA500701E5F /* TrackGPSLocation.xcdatamodeld in Sources */,
				11A2F9761D87EEA500701E5F /* TrackerViewController.swift in Sources */,
				11A2F9741D87EEA500701E5F /* AppDelegate.swift in Sources */,
				11A2F9A51D880CA300701E5F /* SendDataToServer.swift in Sources */,
			);
			runOnlyForDeploymentPostprocessing = 0;
		};
		11A2F9831D87EEA600701E5F /* Sources */ = {
			isa = PBXSourcesBuildPhase;
			buildActionMask = 2147483647;
			files = (
				11A2F98C1D87EEA600701E5F /* TrackGPSLocationTests.swift in Sources */,
			);
			runOnlyForDeploymentPostprocessing = 0;
		};
		11A2F98E1D87EEA600701E5F /* Sources */ = {
			isa = PBXSourcesBuildPhase;
			buildActionMask = 2147483647;
			files = (
				11A2F9971D87EEA600701E5F /* TrackGPSLocationUITests.swift in Sources */,
			);
			runOnlyForDeploymentPostprocessing = 0;
		};
/* End PBXSourcesBuildPhase section */

/* Begin PBXTargetDependency section */
		11A2F9891D87EEA600701E5F /* PBXTargetDependency */ = {
			isa = PBXTargetDependency;
			target = 11A2F96F1D87EEA500701E5F /* TrackGPSLocation */;
			targetProxy = 11A2F9881D87EEA600701E5F /* PBXContainerItemProxy */;
		};
		11A2F9941D87EEA600701E5F /* PBXTargetDependency */ = {
			isa = PBXTargetDependency;
			target = 11A2F96F1D87EEA500701E5F /* TrackGPSLocation */;
			targetProxy = 11A2F9931D87EEA600701E5F /* PBXContainerItemProxy */;
		};
/* End PBXTargetDependency section */

/* Begin PBXVariantGroup section */
		11A2F9771D87EEA500701E5F /* Tracker.storyboard */ = {
			isa = PBXVariantGroup;
			children = (
				11A2F9781D87EEA500701E5F /* Base */,
			);
			name = Tracker.storyboard;
			sourceTree = "<group>";
		};
		11A2F97F1D87EEA500701E5F /* LaunchScreen.storyboard */ = {
			isa = PBXVariantGroup;
			children = (
				11A2F9801D87EEA500701E5F /* Base */,
			);
			name = LaunchScreen.storyboard;
			sourceTree = "<group>";
		};
/* End PBXVariantGroup section */

/* Begin XCBuildConfiguration section */
		11A2F9991D87EEA600701E5F /* Debug */ = {
			isa = XCBuildConfiguration;
			buildSettings = {
				ALWAYS_SEARCH_USER_PATHS = NO;
				CLANG_ANALYZER_NONNULL = YES;
				CLANG_CXX_LANGUAGE_STANDARD = "gnu++0x";
				CLANG_CXX_LIBRARY = "libc++";
				CLANG_ENABLE_MODULES = YES;
				CLANG_ENABLE_OBJC_ARC = YES;
				CLANG_WARN_BOOL_CONVERSION = YES;
				CLANG_WARN_CONSTANT_CONVERSION = YES;
				CLANG_WARN_DIRECT_OBJC_ISA_USAGE = YES_ERROR;
				CLANG_WARN_EMPTY_BODY = YES;
				CLANG_WARN_ENUM_CONVERSION = YES;
				CLANG_WARN_INT_CONVERSION = YES;
				CLANG_WARN_OBJC_ROOT_CLASS = YES_ERROR;
				CLANG_WARN_UNREACHABLE_CODE = YES;
				CLANG_WARN__DUPLICATE_METHOD_MATCH = YES;
				"CODE_SIGN_IDENTITY[sdk=iphoneos*]" = "iPhone Developer";
				COPY_PHASE_STRIP = NO;
				DEBUG_INFORMATION_FORMAT = dwarf;
				ENABLE_STRICT_OBJC_MSGSEND = YES;
				ENABLE_TESTABILITY = YES;
				GCC_C_LANGUAGE_STANDARD = gnu99;
				GCC_DYNAMIC_NO_PIC = NO;
				GCC_NO_COMMON_BLOCKS = YES;
				GCC_OPTIMIZATION_LEVEL = 0;
				GCC_PREPROCESSOR_DEFINITIONS = (
					"DEBUG=1",
					"$(inherited)",
				);
				GCC_WARN_64_TO_32_BIT_CONVERSION = YES;
				GCC_WARN_ABOUT_RETURN_TYPE = YES_ERROR;
				GCC_WARN_UNDECLARED_SELECTOR = YES;
				GCC_WARN_UNINITIALIZED_AUTOS = YES_AGGRESSIVE;
				GCC_WARN_UNUSED_FUNCTION = YES;
				GCC_WARN_UNUSED_VARIABLE = YES;
				IPHONEOS_DEPLOYMENT_TARGET = 9.3;
				MTL_ENABLE_DEBUG_INFO = YES;
				ONLY_ACTIVE_ARCH = YES;
				SDKROOT = iphoneos;
				SWIFT_OPTIMIZATION_LEVEL = "-Onone";
			};
			name = Debug;
		};
		11A2F99A1D87EEA600701E5F /* Release */ = {
			isa = XCBuildConfiguration;
			buildSettings = {
				ALWAYS_SEARCH_USER_PATHS = NO;
				CLANG_ANALYZER_NONNULL = YES;
				CLANG_CXX_LANGUAGE_STANDARD = "gnu++0x";
				CLANG_CXX_LIBRARY = "libc++";
				CLANG_ENABLE_MODULES = YES;
				CLANG_ENABLE_OBJC_ARC = YES;
				CLANG_WARN_BOOL_CONVERSION = YES;
				CLANG_WARN_CONSTANT_CONVERSION = YES;
				CLANG_WARN_DIRECT_OBJC_ISA_USAGE = YES_ERROR;
				CLANG_WARN_EMPTY_BODY = YES;
				CLANG_WARN_ENUM_CONVERSION = YES;
				CLANG_WARN_INT_CONVERSION = YES;
				CLANG_WARN_OBJC_ROOT_CLASS = YES_ERROR;
				CLANG_WARN_UNREACHABLE_CODE = YES;
				CLANG_WARN__DUPLICATE_METHOD_MATCH = YES;
				"CODE_SIGN_IDENTITY[sdk=iphoneos*]" = "iPhone Developer";
				COPY_PHASE_STRIP = NO;
				DEBUG_INFORMATION_FORMAT = "dwarf-with-dsym";
				ENABLE_NS_ASSERTIONS = NO;
				ENABLE_STRICT_OBJC_MSGSEND = YES;
				GCC_C_LANGUAGE_STANDARD = gnu99;
				GCC_NO_COMMON_BLOCKS = YES;
				GCC_WARN_64_TO_32_BIT_CONVERSION = YES;
				GCC_WARN_ABOUT_RETURN_TYPE = YES_ERROR;
				GCC_WARN_UNDECLARED_SELECTOR = YES;
				GCC_WARN_UNINITIALIZED_AUTOS = YES_AGGRESSIVE;
				GCC_WARN_UNUSED_FUNCTION = YES;
				GCC_WARN_UNUSED_VARIABLE = YES;
				IPHONEOS_DEPLOYMENT_TARGET = 9.3;
				MTL_ENABLE_DEBUG_INFO = NO;
				SDKROOT = iphoneos;
				VALIDATE_PRODUCT = YES;
			};
			name = Release;
		};
		11A2F99C1D87EEA600701E5F /* Debug */ = {
			isa = XCBuildConfiguration;
			buildSettings = {
				ASSETCATALOG_COMPILER_APPICON_NAME = AppIcon;
				INFOPLIST_FILE = TrackGPSLocation/Info.plist;
				LD_RUNPATH_SEARCH_PATHS = "$(inherited) @executable_path/Frameworks";
				PRODUCT_BUNDLE_IDENTIFIER = com.GrepRuby.TrackGPSLocation;
				PRODUCT_NAME = "$(TARGET_NAME)";
			};
			name = Debug;
		};
		11A2F99D1D87EEA600701E5F /* Release */ = {
			isa = XCBuildConfiguration;
			buildSettings = {
				ASSETCATALOG_COMPILER_APPICON_NAME = AppIcon;
				INFOPLIST_FILE = TrackGPSLocation/Info.plist;
				LD_RUNPATH_SEARCH_PATHS = "$(inherited) @executable_path/Frameworks";
				PRODUCT_BUNDLE_IDENTIFIER = com.GrepRuby.TrackGPSLocation;
				PRODUCT_NAME = "$(TARGET_NAME)";
			};
			name = Release;
		};
		11A2F99F1D87EEA600701E5F /* Debug */ = {
			isa = XCBuildConfiguration;
			buildSettings = {
				BUNDLE_LOADER = "$(TEST_HOST)";
				INFOPLIST_FILE = TrackGPSLocationTests/Info.plist;
				LD_RUNPATH_SEARCH_PATHS = "$(inherited) @executable_path/Frameworks @loader_path/Frameworks";
				PRODUCT_BUNDLE_IDENTIFIER = com.GrepRuby.TrackGPSLocationTests;
				PRODUCT_NAME = "$(TARGET_NAME)";
				TEST_HOST = "$(BUILT_PRODUCTS_DIR)/TrackGPSLocation.app/TrackGPSLocation";
			};
			name = Debug;
		};
		11A2F9A01D87EEA600701E5F /* Release */ = {
			isa = XCBuildConfiguration;
			buildSettings = {
				BUNDLE_LOADER = "$(TEST_HOST)";
				INFOPLIST_FILE = TrackGPSLocationTests/Info.plist;
				LD_RUNPATH_SEARCH_PATHS = "$(inherited) @executable_path/Frameworks @loader_path/Frameworks";
				PRODUCT_BUNDLE_IDENTIFIER = com.GrepRuby.TrackGPSLocationTests;
				PRODUCT_NAME = "$(TARGET_NAME)";
				TEST_HOST = "$(BUILT_PRODUCTS_DIR)/TrackGPSLocation.app/TrackGPSLocation";
			};
			name = Release;
		};
		11A2F9A21D87EEA600701E5F /* Debug */ = {
			isa = XCBuildConfiguration;
			buildSettings = {
				INFOPLIST_FILE = TrackGPSLocationUITests/Info.plist;
				LD_RUNPATH_SEARCH_PATHS = "$(inherited) @executable_path/Frameworks @loader_path/Frameworks";
				PRODUCT_BUNDLE_IDENTIFIER = com.GrepRuby.TrackGPSLocationUITests;
				PRODUCT_NAME = "$(TARGET_NAME)";
				TEST_TARGET_NAME = TrackGPSLocation;
			};
			name = Debug;
		};
		11A2F9A31D87EEA600701E5F /* Release */ = {
			isa = XCBuildConfiguration;
			buildSettings = {
				INFOPLIST_FILE = TrackGPSLocationUITests/Info.plist;
				LD_RUNPATH_SEARCH_PATHS = "$(inherited) @executable_path/Frameworks @loader_path/Frameworks";
				PRODUCT_BUNDLE_IDENTIFIER = com.GrepRuby.TrackGPSLocationUITests;
				PRODUCT_NAME = "$(TARGET_NAME)";
				TEST_TARGET_NAME = TrackGPSLocation;
			};
			name = Release;
		};
/* End XCBuildConfiguration section */

/* Begin XCConfigurationList section */
		11A2F96B1D87EEA500701E5F /* Build configuration list for PBXProject "TrackGPSLocation" */ = {
			isa = XCConfigurationList;
			buildConfigurations = (
				11A2F9991D87EEA600701E5F /* Debug */,
				11A2F99A1D87EEA600701E5F /* Release */,
			);
			defaultConfigurationIsVisible = 0;
			defaultConfigurationName = Release;
		};
		11A2F99B1D87EEA600701E5F /* Build configuration list for PBXNativeTarget "TrackGPSLocation" */ = {
			isa = XCConfigurationList;
			buildConfigurations = (
				11A2F99C1D87EEA600701E5F /* Debug */,
				11A2F99D1D87EEA600701E5F /* Release */,
			);
			defaultConfigurationIsVisible = 0;
			defaultConfigurationName = Release;
		};
		11A2F99E1D87EEA600701E5F /* Build configuration list for PBXNativeTarget "TrackGPSLocationTests" */ = {
			isa = XCConfigurationList;
			buildConfigurations = (
				11A2F99F1D87EEA600701E5F /* Debug */,
				11A2F9A01D87EEA600701E5F /* Release */,
			);
			defaultConfigurationIsVisible = 0;
			defaultConfigurationName = Release;
		};
		11A2F9A11D87EEA600701E5F /* Build configuration list for PBXNativeTarget "TrackGPSLocationUITests" */ = {
			isa = XCConfigurationList;
			buildConfigurations = (
				11A2F9A21D87EEA600701E5F /* Debug */,
				11A2F9A31D87EEA600701E5F /* Release */,
			);
			defaultConfigurationIsVisible = 0;
			defaultConfigurationName = Release;
		};
/* End XCConfigurationList section */

/* Begin XCVersionGroup section */
		11A2F97A1D87EEA500701E5F /* TrackGPSLocation.xcdatamodeld */ = {
			isa = XCVersionGroup;
			children = (
				11A2F97B1D87EEA500701E5F /* TrackGPSLocation.xcdatamodel */,
			);
			currentVersion = 11A2F97B1D87EEA500701E5F /* TrackGPSLocation.xcdatamodel */;
			path = TrackGPSLocation.xcdatamodeld;
			sourceTree = "<group>";
			versionGroupType = wrapper.xcdatamodel;
		};
/* End XCVersionGroup section */
	};
	rootObject = 11A2F9681D87EEA500701E5F /* Project object */;
}
